Microsoft Visual Studio Solution File, Format Version 12.00
# Visual Studio 15
VisualStudioVersion = 15.0.27703.2035
MinimumVisualStudioVersion = 10.0.40219.1
Project("{9A19103F-16F7-4668-BE54-9A1E7A4F7556}") = "Core.Kuo", "Core.Kuo\Core.Kuo.csproj", "{9F05D265-E3A0-4DF4-850B-75D81A6F7FB4}"
EndProject
Global
	GlobalSection(SolutionConfigurationPlatforms) = preSolution
		Debug|Any CPU = Debug|Any CPU
		Release|Any CPU = Release|Any CPU
	EndGlobalSection
	GlobalSection(ProjectConfigurationPlatforms) = postSolution
		{9F05D265-E3A0-4DF4-850B-75D81A6F7FB4}.Debug|Any CPU.ActiveCfg = Debug|Any CPU
		{9F05D265-E3A0-4DF4-850B-75D81A6F7FB4}.Debug|Any CPU.Build.0 = Debug|Any CPU
		{9F05D265-E3A0-4DF4-850B-75D81A6F7FB4}.Release|Any CPU.ActiveCfg = Release|Any CPU
		{9F05D265-E3A0-4DF4-850B-75D81A6F7FB4}.Release|Any CPU.Build.0 = Release|Any CPU
	EndGlobalSection
	GlobalSection(SolutionProperties) = preSolution
		HideSolutionNode = FALSE
	EndGlobalSection
	GlobalSection(ExtensibilityGlobals) = postSolution
		SolutionGuid = {1C4433BD-6384-445D-B8FD-9A000B21A3A8}
	EndGlobalSection
EndGlobal
